
Microsoft Visual Studio Solution File, Format Version 12.00
# Visual Studio Version 17
VisualStudioVersion = 17.6.33829.357
MinimumVisualStudioVersion = 10.0.40219.1
Project("{FAE04EC0-301F-11D3-BF4B-00C04F79EFBC}") = "exercicio4praticaC#", "exercicio4praticaC#\exercicio4praticaC#.csproj", "{3DE40808-8304-478D-9618-4C4F5B8D02E3}"
EndProject
Global
	GlobalSection(SolutionConfigurationPlatforms) = preSolution
		Debug|Any CPU = Debug|Any CPU
		Release|Any CPU = Release|Any CPU
	EndGlobalSection
	GlobalSection(ProjectConfigurationPlatforms) = postSolution
		{3DE40808-8304-478D-9618-4C4F5B8D02E3}.Debug|Any CPU.ActiveCfg = Debug|Any CPU
		{3DE40808-8304-478D-9618-4C4F5B8D02E3}.Debug|Any CPU.Build.0 = Debug|Any CPU
		{3DE40808-8304-478D-9618-4C4F5B8D02E3}.Release|Any CPU.ActiveCfg = Release|Any CPU
		{3DE40808-8304-478D-9618-4C4F5B8D02E3}.Release|Any CPU.Build.0 = Release|Any CPU
	EndGlobalSection
	GlobalSection(SolutionProperties) = preSolution
		HideSolutionNode = FALSE
	EndGlobalSection
	GlobalSection(ExtensibilityGlobals) = postSolution
		SolutionGuid = {39B493D1-CF12-43CE-B801-69E12FEC7501}
	EndGlobalSection
EndGlobal
